
Microsoft Visual Studio Solution File, Format Version 12.00
# Visual Studio 2013
VisualStudioVersion = 12.0.31101.0
MinimumVisualStudioVersion = 10.0.40219.1
Project("{FAE04EC0-301F-11D3-BF4B-00C04F79EFBC}") = "Void", "Void\Void.csproj", "{B2B7FABB-5258-4ABF-A70C-123D0B4588E0}"
EndProject
Project("{FAE04EC0-301F-11D3-BF4B-00C04F79EFBC}") = "Void.Gtk2", "Void.Gtk2\Void.Gtk2.csproj", "{5D62BE60-3E7E-44DA-940A-A31C4B1258A9}"
EndProject
Project("{FAE04EC0-301F-11D3-BF4B-00C04F79EFBC}") = "Void.Gtk3", "Void.Gtk3\Void.Gtk3.csproj", "{9215904B-AD3D-47AC-9A22-219414589610}"
EndProject
Project("{FAE04EC0-301F-11D3-BF4B-00C04F79EFBC}") = "Void.Wpf", "Void.Wpf\Void.Wpf.csproj", "{229A6580-A3B6-41D6-AC14-019AC5BF999D}"
EndProject
Project("{FAE04EC0-301F-11D3-BF4B-00C04F79EFBC}") = "Void.WinForms", "Void.WinForms\Void.WinForms.csproj", "{46B9557B-974A-4C99-B3B6-D401090878DC}"
EndProject
Project("{FAE04EC0-301F-11D3-BF4B-00C04F79EFBC}") = "Void.Mac", "Void.Mac\Void.Mac.csproj", "{612CF1A1-D6D2-47C8-9D89-FC628F977D4C}"
EndProject
Project("{2150E333-8FDC-42A3-9474-1A3956D46DE8}") = "UI", "UI", "{9768F9F7-BFC6-4F2E-8C5A-2B371794EB78}"
EndProject
Project("{2150E333-8FDC-42A3-9474-1A3956D46DE8}") = "Core", "Core", "{E31181A4-AAEB-4A6D-BC79-CDE03FEA26AE}"
EndProject
Project("{F2A71F9B-5D33-465A-A702-920D77279786}") = "Void.Model", "Void.Model\Void.Model.fsproj", "{623E6E9E-62AA-433B-8561-FDBEE85C62FF}"
EndProject
Project("{F2A71F9B-5D33-465A-A702-920D77279786}") = "Void.Model.Spec", "Void.Model.Spec\Void.Model.Spec.fsproj", "{26B7A27D-32FE-4BF5-BA14-00CD6E90EF54}"
EndProject
Project("{F2A71F9B-5D33-465A-A702-920D77279786}") = "Void.ViewModel", "Void.ViewModel\Void.ViewModel.fsproj", "{10CA91BE-7DE0-4F6F-BA6A-C01F91E6CC0F}"
EndProject
Project("{F2A71F9B-5D33-465A-A702-920D77279786}") = "Void.ViewModel.Spec", "Void.ViewModel.Spec\Void.ViewModel.Spec.fsproj", "{3E5038A4-B804-4FB9-9CC6-42ADFAF6F3DB}"
EndProject
Global
	GlobalSection(SolutionConfigurationPlatforms) = preSolution
		Debug|Any CPU = Debug|Any CPU
		Debug|Mixed Platforms = Debug|Mixed Platforms
		Debug|x86 = Debug|x86
		Release|Any CPU = Release|Any CPU
		Release|Mixed Platforms = Release|Mixed Platforms
		Release|x86 = Release|x86
	EndGlobalSection
	GlobalSection(ProjectConfigurationPlatforms) = postSolution
		{B2B7FABB-5258-4ABF-A70C-123D0B4588E0}.Debug|Any CPU.ActiveCfg = Debug|Any CPU
		{B2B7FABB-5258-4ABF-A70C-123D0B4588E0}.Debug|Any CPU.Build.0 = Debug|Any CPU
		{B2B7FABB-5258-4ABF-A70C-123D0B4588E0}.Debug|Mixed Platforms.ActiveCfg = Debug|Any CPU
		{B2B7FABB-5258-4ABF-A70C-123D0B4588E0}.Debug|Mixed Platforms.Build.0 = Debug|Any CPU
		{B2B7FABB-5258-4ABF-A70C-123D0B4588E0}.Debug|x86.ActiveCfg = Debug|Any CPU
		{B2B7FABB-5258-4ABF-A70C-123D0B4588E0}.Release|Any CPU.ActiveCfg = Release|Any CPU
		{B2B7FABB-5258-4ABF-A70C-123D0B4588E0}.Release|Any CPU.Build.0 = Release|Any CPU
		{B2B7FABB-5258-4ABF-A70C-123D0B4588E0}.Release|Mixed Platforms.ActiveCfg = Release|Any CPU
		{B2B7FABB-5258-4ABF-A70C-123D0B4588E0}.Release|Mixed Platforms.Build.0 = Release|Any CPU
		{B2B7FABB-5258-4ABF-A70C-123D0B4588E0}.Release|x86.ActiveCfg = Release|Any CPU
		{5D62BE60-3E7E-44DA-940A-A31C4B1258A9}.Debug|Any CPU.ActiveCfg = Debug|x86
		{5D62BE60-3E7E-44DA-940A-A31C4B1258A9}.Debug|Mixed Platforms.ActiveCfg = Debug|x86
		{5D62BE60-3E7E-44DA-940A-A31C4B1258A9}.Debug|Mixed Platforms.Build.0 = Debug|x86
		{5D62BE60-3E7E-44DA-940A-A31C4B1258A9}.Debug|x86.ActiveCfg = Debug|x86
		{5D62BE60-3E7E-44DA-940A-A31C4B1258A9}.Debug|x86.Build.0 = Debug|x86
		{5D62BE60-3E7E-44DA-940A-A31C4B1258A9}.Release|Any CPU.ActiveCfg = Release|x86
		{5D62BE60-3E7E-44DA-940A-A31C4B1258A9}.Release|Mixed Platforms.ActiveCfg = Release|x86
		{5D62BE60-3E7E-44DA-940A-A31C4B1258A9}.Release|Mixed Platforms.Build.0 = Release|x86
		{5D62BE60-3E7E-44DA-940A-A31C4B1258A9}.Release|x86.ActiveCfg = Release|x86
		{5D62BE60-3E7E-44DA-940A-A31C4B1258A9}.Release|x86.Build.0 = Release|x86
		{9215904B-AD3D-47AC-9A22-219414589610}.Debug|Any CPU.ActiveCfg = Debug|x86
		{9215904B-AD3D-47AC-9A22-219414589610}.Debug|Mixed Platforms.ActiveCfg = Debug|x86
		{9215904B-AD3D-47AC-9A22-219414589610}.Debug|Mixed Platforms.Build.0 = Debug|x86
		{9215904B-AD3D-47AC-9A22-219414589610}.Debug|x86.ActiveCfg = Debug|x86
		{9215904B-AD3D-47AC-9A22-219414589610}.Debug|x86.Build.0 = Debug|x86
		{9215904B-AD3D-47AC-9A22-219414589610}.Release|Any CPU.ActiveCfg = Release|x86
		{9215904B-AD3D-47AC-9A22-219414589610}.Release|Mixed Platforms.ActiveCfg = Release|x86
		{9215904B-AD3D-47AC-9A22-219414589610}.Release|Mixed Platforms.Build.0 = Release|x86
		{9215904B-AD3D-47AC-9A22-219414589610}.Release|x86.ActiveCfg = Release|x86
		{9215904B-AD3D-47AC-9A22-219414589610}.Release|x86.Build.0 = Release|x86
		{229A6580-A3B6-41D6-AC14-019AC5BF999D}.Debug|Any CPU.ActiveCfg = Debug|x86
		{229A6580-A3B6-41D6-AC14-019AC5BF999D}.Debug|Mixed Platforms.ActiveCfg = Debug|x86
		{229A6580-A3B6-41D6-AC14-019AC5BF999D}.Debug|Mixed Platforms.Build.0 = Debug|x86
		{229A6580-A3B6-41D6-AC14-019AC5BF999D}.Debug|x86.ActiveCfg = Debug|x86
		{229A6580-A3B6-41D6-AC14-019AC5BF999D}.Debug|x86.Build.0 = Debug|x86
		{229A6580-A3B6-41D6-AC14-019AC5BF999D}.Release|Any CPU.ActiveCfg = Release|x86
		{229A6580-A3B6-41D6-AC14-019AC5BF999D}.Release|Mixed Platforms.ActiveCfg = Release|x86
		{229A6580-A3B6-41D6-AC14-019AC5BF999D}.Release|Mixed Platforms.Build.0 = Release|x86
		{229A6580-A3B6-41D6-AC14-019AC5BF999D}.Release|x86.ActiveCfg = Release|x86
		{229A6580-A3B6-41D6-AC14-019AC5BF999D}.Release|x86.Build.0 = Release|x86
		{46B9557B-974A-4C99-B3B6-D401090878DC}.Debug|Any CPU.ActiveCfg = Debug|x86
		{46B9557B-974A-4C99-B3B6-D401090878DC}.Debug|Mixed Platforms.ActiveCfg = Debug|x86
		{46B9557B-974A-4C99-B3B6-D401090878DC}.Debug|Mixed Platforms.Build.0 = Debug|x86
		{46B9557B-974A-4C99-B3B6-D401090878DC}.Debug|x86.ActiveCfg = Debug|x86
		{46B9557B-974A-4C99-B3B6-D401090878DC}.Debug|x86.Build.0 = Debug|x86
		{46B9557B-974A-4C99-B3B6-D401090878DC}.Release|Any CPU.ActiveCfg = Release|x86
		{46B9557B-974A-4C99-B3B6-D401090878DC}.Release|Mixed Platforms.ActiveCfg = Release|x86
		{46B9557B-974A-4C99-B3B6-D401090878DC}.Release|Mixed Platforms.Build.0 = Release|x86
		{46B9557B-974A-4C99-B3B6-D401090878DC}.Release|x86.ActiveCfg = Release|x86
		{46B9557B-974A-4C99-B3B6-D401090878DC}.Release|x86.Build.0 = Release|x86
		{612CF1A1-D6D2-47C8-9D89-FC628F977D4C}.Debug|Any CPU.ActiveCfg = Debug|x86
		{612CF1A1-D6D2-47C8-9D89-FC628F977D4C}.Debug|Mixed Platforms.ActiveCfg = Debug|x86
		{612CF1A1-D6D2-47C8-9D89-FC628F977D4C}.Debug|Mixed Platforms.Build.0 = Debug|x86
		{612CF1A1-D6D2-47C8-9D89-FC628F977D4C}.Debug|x86.ActiveCfg = Debug|x86
		{612CF1A1-D6D2-47C8-9D89-FC628F977D4C}.Debug|x86.Build.0 = Debug|x86
		{612CF1A1-D6D2-47C8-9D89-FC628F977D4C}.Release|Any CPU.ActiveCfg = Release|x86
		{612CF1A1-D6D2-47C8-9D89-FC628F977D4C}.Release|Mixed Platforms.ActiveCfg = Release|x86
		{612CF1A1-D6D2-47C8-9D89-FC628F977D4C}.Release|Mixed Platforms.Build.0 = Release|x86
		{612CF1A1-D6D2-47C8-9D89-FC628F977D4C}.Release|x86.ActiveCfg = Release|x86
		{612CF1A1-D6D2-47C8-9D89-FC628F977D4C}.Release|x86.Build.0 = Release|x86
		{623E6E9E-62AA-433B-8561-FDBEE85C62FF}.Debug|Any CPU.ActiveCfg = Debug|Any CPU
		{623E6E9E-62AA-433B-8561-FDBEE85C62FF}.Debug|Any CPU.Build.0 = Debug|Any CPU
		{623E6E9E-62AA-433B-8561-FDBEE85C62FF}.Debug|Mixed Platforms.ActiveCfg = Debug|Any CPU
		{623E6E9E-62AA-433B-8561-FDBEE85C62FF}.Debug|Mixed Platforms.Build.0 = Debug|Any CPU
		{623E6E9E-62AA-433B-8561-FDBEE85C62FF}.Debug|x86.ActiveCfg = Debug|Any CPU
		{623E6E9E-62AA-433B-8561-FDBEE85C62FF}.Release|Any CPU.ActiveCfg = Release|Any CPU
		{623E6E9E-62AA-433B-8561-FDBEE85C62FF}.Release|Any CPU.Build.0 = Release|Any CPU
		{623E6E9E-62AA-433B-8561-FDBEE85C62FF}.Release|Mixed Platforms.ActiveCfg = Release|Any CPU
		{623E6E9E-62AA-433B-8561-FDBEE85C62FF}.Release|Mixed Platforms.Build.0 = Release|Any CPU
		{623E6E9E-62AA-433B-8561-FDBEE85C62FF}.Release|x86.ActiveCfg = Release|Any CPU
		{26B7A27D-32FE-4BF5-BA14-00CD6E90EF54}.Debug|Any CPU.ActiveCfg = Debug|Any CPU
		{26B7A27D-32FE-4BF5-BA14-00CD6E90EF54}.Debug|Any CPU.Build.0 = Debug|Any CPU
		{26B7A27D-32FE-4BF5-BA14-00CD6E90EF54}.Debug|Mixed Platforms.ActiveCfg = Debug|Any CPU
		{26B7A27D-32FE-4BF5-BA14-00CD6E90EF54}.Debug|Mixed Platforms.Build.0 = Debug|Any CPU
		{26B7A27D-32FE-4BF5-BA14-00CD6E90EF54}.Debug|x86.ActiveCfg = Debug|Any CPU
		{26B7A27D-32FE-4BF5-BA14-00CD6E90EF54}.Release|Any CPU.ActiveCfg = Release|Any CPU
		{26B7A27D-32FE-4BF5-BA14-00CD6E90EF54}.Release|Any CPU.Build.0 = Release|Any CPU
		{26B7A27D-32FE-4BF5-BA14-00CD6E90EF54}.Release|Mixed Platforms.ActiveCfg = Release|Any CPU
		{26B7A27D-32FE-4BF5-BA14-00CD6E90EF54}.Release|Mixed Platforms.Build.0 = Release|Any CPU
		{26B7A27D-32FE-4BF5-BA14-00CD6E90EF54}.Release|x86.ActiveCfg = Release|Any CPU
		{10CA91BE-7DE0-4F6F-BA6A-C01F91E6CC0F}.Debug|Any CPU.ActiveCfg = Debug|Any CPU
		{10CA91BE-7DE0-4F6F-BA6A-C01F91E6CC0F}.Debug|Any CPU.Build.0 = Debug|Any CPU
		{10CA91BE-7DE0-4F6F-BA6A-C01F91E6CC0F}.Debug|Mixed Platforms.ActiveCfg = Debug|Any CPU
		{10CA91BE-7DE0-4F6F-BA6A-C01F91E6CC0F}.Debug|Mixed Platforms.Build.0 = Debug|Any CPU
		{10CA91BE-7DE0-4F6F-BA6A-C01F91E6CC0F}.Debug|x86.ActiveCfg = Debug|Any CPU
		{10CA91BE-7DE0-4F6F-BA6A-C01F91E6CC0F}.Release|Any CPU.ActiveCfg = Release|Any CPU
		{10CA91BE-7DE0-4F6F-BA6A-C01F91E6CC0F}.Release|Any CPU.Build.0 = Release|Any CPU
		{10CA91BE-7DE0-4F6F-BA6A-C01F91E6CC0F}.Release|Mixed Platforms.ActiveCfg = Release|Any CPU
		{10CA91BE-7DE0-4F6F-BA6A-C01F91E6CC0F}.Release|Mixed Platforms.Build.0 = Release|Any CPU
		{10CA91BE-7DE0-4F6F-BA6A-C01F91E6CC0F}.Release|x86.ActiveCfg = Release|Any CPU
		{3E5038A4-B804-4FB9-9CC6-42ADFAF6F3DB}.Debug|Any CPU.ActiveCfg = Debug|Any CPU
		{3E5038A4-B804-4FB9-9CC6-42ADFAF6F3DB}.Debug|Any CPU.Build.0 = Debug|Any CPU
		{3E5038A4-B804-4FB9-9CC6-42ADFAF6F3DB}.Debug|Mixed Platforms.ActiveCfg = Debug|Any CPU
		{3E5038A4-B804-4FB9-9CC6-42ADFAF6F3DB}.Debug|Mixed Platforms.Build.0 = Debug|Any CPU
		{3E5038A4-B804-4FB9-9CC6-42ADFAF6F3DB}.Debug|x86.ActiveCfg = Debug|Any CPU
		{3E5038A4-B804-4FB9-9CC6-42ADFAF6F3DB}.Release|Any CPU.ActiveCfg = Release|Any CPU
		{3E5038A4-B804-4FB9-9CC6-42ADFAF6F3DB}.Release|Any CPU.Build.0 = Release|Any CPU
		{3E5038A4-B804-4FB9-9CC6-42ADFAF6F3DB}.Release|Mixed Platforms.ActiveCfg = Release|Any CPU
		{3E5038A4-B804-4FB9-9CC6-42ADFAF6F3DB}.Release|Mixed Platforms.Build.0 = Release|Any CPU
		{3E5038A4-B804-4FB9-9CC6-42ADFAF6F3DB}.Release|x86.ActiveCfg = Release|Any CPU
	EndGlobalSection
	GlobalSection(SolutionProperties) = preSolution
		HideSolutionNode = FALSE
	EndGlobalSection
	GlobalSection(NestedProjects) = preSolution
		{B2B7FABB-5258-4ABF-A70C-123D0B4588E0} = {9768F9F7-BFC6-4F2E-8C5A-2B371794EB78}
		{5D62BE60-3E7E-44DA-940A-A31C4B1258A9} = {9768F9F7-BFC6-4F2E-8C5A-2B371794EB78}
		{9215904B-AD3D-47AC-9A22-219414589610} = {9768F9F7-BFC6-4F2E-8C5A-2B371794EB78}
		{229A6580-A3B6-41D6-AC14-019AC5BF999D} = {9768F9F7-BFC6-4F2E-8C5A-2B371794EB78}
		{46B9557B-974A-4C99-B3B6-D401090878DC} = {9768F9F7-BFC6-4F2E-8C5A-2B371794EB78}
		{612CF1A1-D6D2-47C8-9D89-FC628F977D4C} = {9768F9F7-BFC6-4F2E-8C5A-2B371794EB78}
		{623E6E9E-62AA-433B-8561-FDBEE85C62FF} = {E31181A4-AAEB-4A6D-BC79-CDE03FEA26AE}
		{26B7A27D-32FE-4BF5-BA14-00CD6E90EF54} = {E31181A4-AAEB-4A6D-BC79-CDE03FEA26AE}
		{10CA91BE-7DE0-4F6F-BA6A-C01F91E6CC0F} = {E31181A4-AAEB-4A6D-BC79-CDE03FEA26AE}
		{3E5038A4-B804-4FB9-9CC6-42ADFAF6F3DB} = {E31181A4-AAEB-4A6D-BC79-CDE03FEA26AE}
	EndGlobalSection
EndGlobal
