
Microsoft Visual Studio Solution File, Format Version 12.00
# Visual Studio 2013
VisualStudioVersion = 12.0.31101.0
MinimumVisualStudioVersion = 10.0.40219.1
Project("{FAE04EC0-301F-11D3-BF4B-00C04F79EFBC}") = "Void", "Void\Void.csproj", "{B2B7FABB-5258-4ABF-A70C-123D0B4588E0}"
EndProject
Project("{FAE04EC0-301F-11D3-BF4B-00C04F79EFBC}") = "Void.Gtk2", "Void.Gtk2\Void.Gtk2.csproj", "{5D62BE60-3E7E-44DA-940A-A31C4B1258A9}"
EndProject
Project("{FAE04EC0-301F-11D3-BF4B-00C04F79EFBC}") = "Void.Gtk3", "Void.Gtk3\Void.Gtk3.csproj", "{9215904B-AD3D-47AC-9A22-219414589610}"
EndProject
Project("{FAE04EC0-301F-11D3-BF4B-00C04F79EFBC}") = "Void.Wpf", "Void.Wpf\Void.Wpf.csproj", "{229A6580-A3B6-41D6-AC14-019AC5BF999D}"
EndProject
Project("{FAE04EC0-301F-11D3-BF4B-00C04F79EFBC}") = "Void.WinForms", "Void.WinForms\Void.WinForms.csproj", "{46B9557B-974A-4C99-B3B6-D401090878DC}"
EndProject
Project("{FAE04EC0-301F-11D3-BF4B-00C04F79EFBC}") = "Void.Mac", "Void.Mac\Void.Mac.csproj", "{612CF1A1-D6D2-47C8-9D89-FC628F977D4C}"
EndProject
Project("{2150E333-8FDC-42A3-9474-1A3956D46DE8}") = "UI", "UI", "{9768F9F7-BFC6-4F2E-8C5A-2B371794EB78}"
EndProject
Project("{2150E333-8FDC-42A3-9474-1A3956D46DE8}") = "Core", "Core", "{E31181A4-AAEB-4A6D-BC79-CDE03FEA26AE}"
EndProject
Project("{F2A71F9B-5D33-465A-A702-920D77279786}") = "Void.Model", "Void.Model\Void.Model.fsproj", "{7B6CD168-C742-44F2-9967-1055A203C973}"
EndProject
Project("{F2A71F9B-5D33-465A-A702-920D77279786}") = "Void.Model.Spec", "Void.Model.Spec\Void.Model.Spec.fsproj", "{A168E281-5A32-4865-A262-11250AF32B27}"
EndProject
Project("{F2A71F9B-5D33-465A-A702-920D77279786}") = "Void.ViewModel", "Void.ViewModel\Void.ViewModel.fsproj", "{7D1AC7C5-C203-4E37-BD4A-6059526870CF}"
EndProject
Project("{F2A71F9B-5D33-465A-A702-920D77279786}") = "Void.ViewModel.Spec", "Void.ViewModel.Spec\Void.ViewModel.Spec.fsproj", "{427CFE01-8DFD-4525-B777-39E5008DF7CB}"
EndProject
Global
	GlobalSection(SolutionConfigurationPlatforms) = preSolution
		Debug|Any CPU = Debug|Any CPU
		Debug|Mixed Platforms = Debug|Mixed Platforms
		Debug|x86 = Debug|x86
		Release|Any CPU = Release|Any CPU
		Release|Mixed Platforms = Release|Mixed Platforms
		Release|x86 = Release|x86
	EndGlobalSection
	GlobalSection(ProjectConfigurationPlatforms) = postSolution
		{B2B7FABB-5258-4ABF-A70C-123D0B4588E0}.Debug|Any CPU.ActiveCfg = Debug|Any CPU
		{B2B7FABB-5258-4ABF-A70C-123D0B4588E0}.Debug|Any CPU.Build.0 = Debug|Any CPU
		{B2B7FABB-5258-4ABF-A70C-123D0B4588E0}.Debug|Mixed Platforms.ActiveCfg = Debug|Any CPU
		{B2B7FABB-5258-4ABF-A70C-123D0B4588E0}.Debug|Mixed Platforms.Build.0 = Debug|Any CPU
		{B2B7FABB-5258-4ABF-A70C-123D0B4588E0}.Debug|x86.ActiveCfg = Debug|Any CPU
		{B2B7FABB-5258-4ABF-A70C-123D0B4588E0}.Release|Any CPU.ActiveCfg = Release|Any CPU
		{B2B7FABB-5258-4ABF-A70C-123D0B4588E0}.Release|Any CPU.Build.0 = Release|Any CPU
		{B2B7FABB-5258-4ABF-A70C-123D0B4588E0}.Release|Mixed Platforms.ActiveCfg = Release|Any CPU
		{B2B7FABB-5258-4ABF-A70C-123D0B4588E0}.Release|Mixed Platforms.Build.0 = Release|Any CPU
		{B2B7FABB-5258-4ABF-A70C-123D0B4588E0}.Release|x86.ActiveCfg = Release|Any CPU
		{5D62BE60-3E7E-44DA-940A-A31C4B1258A9}.Debug|Any CPU.ActiveCfg = Debug|x86
		{5D62BE60-3E7E-44DA-940A-A31C4B1258A9}.Debug|Mixed Platforms.ActiveCfg = Debug|x86
		{5D62BE60-3E7E-44DA-940A-A31C4B1258A9}.Debug|Mixed Platforms.Build.0 = Debug|x86
		{5D62BE60-3E7E-44DA-940A-A31C4B1258A9}.Debug|x86.ActiveCfg = Debug|x86
		{5D62BE60-3E7E-44DA-940A-A31C4B1258A9}.Debug|x86.Build.0 = Debug|x86
		{5D62BE60-3E7E-44DA-940A-A31C4B1258A9}.Release|Any CPU.ActiveCfg = Release|x86
		{5D62BE60-3E7E-44DA-940A-A31C4B1258A9}.Release|Mixed Platforms.ActiveCfg = Release|x86
		{5D62BE60-3E7E-44DA-940A-A31C4B1258A9}.Release|Mixed Platforms.Build.0 = Release|x86
		{5D62BE60-3E7E-44DA-940A-A31C4B1258A9}.Release|x86.ActiveCfg = Release|x86
		{5D62BE60-3E7E-44DA-940A-A31C4B1258A9}.Release|x86.Build.0 = Release|x86
		{9215904B-AD3D-47AC-9A22-219414589610}.Debug|Any CPU.ActiveCfg = Debug|x86
		{9215904B-AD3D-47AC-9A22-219414589610}.Debug|Mixed Platforms.ActiveCfg = Debug|x86
		{9215904B-AD3D-47AC-9A22-219414589610}.Debug|Mixed Platforms.Build.0 = Debug|x86
		{9215904B-AD3D-47AC-9A22-219414589610}.Debug|x86.ActiveCfg = Debug|x86
		{9215904B-AD3D-47AC-9A22-219414589610}.Debug|x86.Build.0 = Debug|x86
		{9215904B-AD3D-47AC-9A22-219414589610}.Release|Any CPU.ActiveCfg = Release|x86
		{9215904B-AD3D-47AC-9A22-219414589610}.Release|Mixed Platforms.ActiveCfg = Release|x86
		{9215904B-AD3D-47AC-9A22-219414589610}.Release|Mixed Platforms.Build.0 = Release|x86
		{9215904B-AD3D-47AC-9A22-219414589610}.Release|x86.ActiveCfg = Release|x86
		{9215904B-AD3D-47AC-9A22-219414589610}.Release|x86.Build.0 = Release|x86
		{229A6580-A3B6-41D6-AC14-019AC5BF999D}.Debug|Any CPU.ActiveCfg = Debug|x86
		{229A6580-A3B6-41D6-AC14-019AC5BF999D}.Debug|Mixed Platforms.ActiveCfg = Debug|x86
		{229A6580-A3B6-41D6-AC14-019AC5BF999D}.Debug|Mixed Platforms.Build.0 = Debug|x86
		{229A6580-A3B6-41D6-AC14-019AC5BF999D}.Debug|x86.ActiveCfg = Debug|x86
		{229A6580-A3B6-41D6-AC14-019AC5BF999D}.Debug|x86.Build.0 = Debug|x86
		{229A6580-A3B6-41D6-AC14-019AC5BF999D}.Release|Any CPU.ActiveCfg = Release|x86
		{229A6580-A3B6-41D6-AC14-019AC5BF999D}.Release|Mixed Platforms.ActiveCfg = Release|x86
		{229A6580-A3B6-41D6-AC14-019AC5BF999D}.Release|Mixed Platforms.Build.0 = Release|x86
		{229A6580-A3B6-41D6-AC14-019AC5BF999D}.Release|x86.ActiveCfg = Release|x86
		{229A6580-A3B6-41D6-AC14-019AC5BF999D}.Release|x86.Build.0 = Release|x86
		{46B9557B-974A-4C99-B3B6-D401090878DC}.Debug|Any CPU.ActiveCfg = Debug|x86
		{46B9557B-974A-4C99-B3B6-D401090878DC}.Debug|Mixed Platforms.ActiveCfg = Debug|x86
		{46B9557B-974A-4C99-B3B6-D401090878DC}.Debug|Mixed Platforms.Build.0 = Debug|x86
		{46B9557B-974A-4C99-B3B6-D401090878DC}.Debug|x86.ActiveCfg = Debug|x86
		{46B9557B-974A-4C99-B3B6-D401090878DC}.Debug|x86.Build.0 = Debug|x86
		{46B9557B-974A-4C99-B3B6-D401090878DC}.Release|Any CPU.ActiveCfg = Release|x86
		{46B9557B-974A-4C99-B3B6-D401090878DC}.Release|Mixed Platforms.ActiveCfg = Release|x86
		{46B9557B-974A-4C99-B3B6-D401090878DC}.Release|Mixed Platforms.Build.0 = Release|x86
		{46B9557B-974A-4C99-B3B6-D401090878DC}.Release|x86.ActiveCfg = Release|x86
		{46B9557B-974A-4C99-B3B6-D401090878DC}.Release|x86.Build.0 = Release|x86
		{612CF1A1-D6D2-47C8-9D89-FC628F977D4C}.Debug|Any CPU.ActiveCfg = Debug|x86
		{612CF1A1-D6D2-47C8-9D89-FC628F977D4C}.Debug|Mixed Platforms.ActiveCfg = Debug|x86
		{612CF1A1-D6D2-47C8-9D89-FC628F977D4C}.Debug|Mixed Platforms.Build.0 = Debug|x86
		{612CF1A1-D6D2-47C8-9D89-FC628F977D4C}.Debug|x86.ActiveCfg = Debug|x86
		{612CF1A1-D6D2-47C8-9D89-FC628F977D4C}.Debug|x86.Build.0 = Debug|x86
		{612CF1A1-D6D2-47C8-9D89-FC628F977D4C}.Release|Any CPU.ActiveCfg = Release|x86
		{612CF1A1-D6D2-47C8-9D89-FC628F977D4C}.Release|Mixed Platforms.ActiveCfg = Release|x86
		{612CF1A1-D6D2-47C8-9D89-FC628F977D4C}.Release|Mixed Platforms.Build.0 = Release|x86
		{612CF1A1-D6D2-47C8-9D89-FC628F977D4C}.Release|x86.ActiveCfg = Release|x86
		{612CF1A1-D6D2-47C8-9D89-FC628F977D4C}.Release|x86.Build.0 = Release|x86
		{7B6CD168-C742-44F2-9967-1055A203C973}.Debug|Any CPU.ActiveCfg = Debug|Any CPU
		{7B6CD168-C742-44F2-9967-1055A203C973}.Debug|Any CPU.Build.0 = Debug|Any CPU
		{7B6CD168-C742-44F2-9967-1055A203C973}.Debug|Mixed Platforms.ActiveCfg = Debug|Any CPU
		{7B6CD168-C742-44F2-9967-1055A203C973}.Debug|Mixed Platforms.Build.0 = Debug|Any CPU
		{7B6CD168-C742-44F2-9967-1055A203C973}.Debug|x86.ActiveCfg = Debug|Any CPU
		{7B6CD168-C742-44F2-9967-1055A203C973}.Release|Any CPU.ActiveCfg = Release|Any CPU
		{7B6CD168-C742-44F2-9967-1055A203C973}.Release|Any CPU.Build.0 = Release|Any CPU
		{7B6CD168-C742-44F2-9967-1055A203C973}.Release|Mixed Platforms.ActiveCfg = Release|Any CPU
		{7B6CD168-C742-44F2-9967-1055A203C973}.Release|Mixed Platforms.Build.0 = Release|Any CPU
		{7B6CD168-C742-44F2-9967-1055A203C973}.Release|x86.ActiveCfg = Release|Any CPU
		{A168E281-5A32-4865-A262-11250AF32B27}.Debug|Any CPU.ActiveCfg = Debug|Any CPU
		{A168E281-5A32-4865-A262-11250AF32B27}.Debug|Any CPU.Build.0 = Debug|Any CPU
		{A168E281-5A32-4865-A262-11250AF32B27}.Debug|Mixed Platforms.ActiveCfg = Debug|Any CPU
		{A168E281-5A32-4865-A262-11250AF32B27}.Debug|Mixed Platforms.Build.0 = Debug|Any CPU
		{A168E281-5A32-4865-A262-11250AF32B27}.Debug|x86.ActiveCfg = Debug|Any CPU
		{A168E281-5A32-4865-A262-11250AF32B27}.Release|Any CPU.ActiveCfg = Release|Any CPU
		{A168E281-5A32-4865-A262-11250AF32B27}.Release|Any CPU.Build.0 = Release|Any CPU
		{A168E281-5A32-4865-A262-11250AF32B27}.Release|Mixed Platforms.ActiveCfg = Release|Any CPU
		{A168E281-5A32-4865-A262-11250AF32B27}.Release|Mixed Platforms.Build.0 = Release|Any CPU
		{A168E281-5A32-4865-A262-11250AF32B27}.Release|x86.ActiveCfg = Release|Any CPU
		{7D1AC7C5-C203-4E37-BD4A-6059526870CF}.Debug|Any CPU.ActiveCfg = Debug|Any CPU
		{7D1AC7C5-C203-4E37-BD4A-6059526870CF}.Debug|Any CPU.Build.0 = Debug|Any CPU
		{7D1AC7C5-C203-4E37-BD4A-6059526870CF}.Debug|Mixed Platforms.ActiveCfg = Debug|Any CPU
		{7D1AC7C5-C203-4E37-BD4A-6059526870CF}.Debug|Mixed Platforms.Build.0 = Debug|Any CPU
		{7D1AC7C5-C203-4E37-BD4A-6059526870CF}.Debug|x86.ActiveCfg = Debug|Any CPU
		{7D1AC7C5-C203-4E37-BD4A-6059526870CF}.Release|Any CPU.ActiveCfg = Release|Any CPU
		{7D1AC7C5-C203-4E37-BD4A-6059526870CF}.Release|Any CPU.Build.0 = Release|Any CPU
		{7D1AC7C5-C203-4E37-BD4A-6059526870CF}.Release|Mixed Platforms.ActiveCfg = Release|Any CPU
		{7D1AC7C5-C203-4E37-BD4A-6059526870CF}.Release|Mixed Platforms.Build.0 = Release|Any CPU
		{7D1AC7C5-C203-4E37-BD4A-6059526870CF}.Release|x86.ActiveCfg = Release|Any CPU
		{427CFE01-8DFD-4525-B777-39E5008DF7CB}.Debug|Any CPU.ActiveCfg = Debug|Any CPU
		{427CFE01-8DFD-4525-B777-39E5008DF7CB}.Debug|Any CPU.Build.0 = Debug|Any CPU
		{427CFE01-8DFD-4525-B777-39E5008DF7CB}.Debug|Mixed Platforms.ActiveCfg = Debug|Any CPU
		{427CFE01-8DFD-4525-B777-39E5008DF7CB}.Debug|Mixed Platforms.Build.0 = Debug|Any CPU
		{427CFE01-8DFD-4525-B777-39E5008DF7CB}.Debug|x86.ActiveCfg = Debug|Any CPU
		{427CFE01-8DFD-4525-B777-39E5008DF7CB}.Release|Any CPU.ActiveCfg = Release|Any CPU
		{427CFE01-8DFD-4525-B777-39E5008DF7CB}.Release|Any CPU.Build.0 = Release|Any CPU
		{427CFE01-8DFD-4525-B777-39E5008DF7CB}.Release|Mixed Platforms.ActiveCfg = Release|Any CPU
		{427CFE01-8DFD-4525-B777-39E5008DF7CB}.Release|Mixed Platforms.Build.0 = Release|Any CPU
		{427CFE01-8DFD-4525-B777-39E5008DF7CB}.Release|x86.ActiveCfg = Release|Any CPU
	EndGlobalSection
	GlobalSection(SolutionProperties) = preSolution
		HideSolutionNode = FALSE
	EndGlobalSection
	GlobalSection(NestedProjects) = preSolution
		{B2B7FABB-5258-4ABF-A70C-123D0B4588E0} = {9768F9F7-BFC6-4F2E-8C5A-2B371794EB78}
		{5D62BE60-3E7E-44DA-940A-A31C4B1258A9} = {9768F9F7-BFC6-4F2E-8C5A-2B371794EB78}
		{9215904B-AD3D-47AC-9A22-219414589610} = {9768F9F7-BFC6-4F2E-8C5A-2B371794EB78}
		{229A6580-A3B6-41D6-AC14-019AC5BF999D} = {9768F9F7-BFC6-4F2E-8C5A-2B371794EB78}
		{46B9557B-974A-4C99-B3B6-D401090878DC} = {9768F9F7-BFC6-4F2E-8C5A-2B371794EB78}
		{612CF1A1-D6D2-47C8-9D89-FC628F977D4C} = {9768F9F7-BFC6-4F2E-8C5A-2B371794EB78}
		{7B6CD168-C742-44F2-9967-1055A203C973} = {E31181A4-AAEB-4A6D-BC79-CDE03FEA26AE}
		{A168E281-5A32-4865-A262-11250AF32B27} = {E31181A4-AAEB-4A6D-BC79-CDE03FEA26AE}
		{7D1AC7C5-C203-4E37-BD4A-6059526870CF} = {E31181A4-AAEB-4A6D-BC79-CDE03FEA26AE}
		{427CFE01-8DFD-4525-B777-39E5008DF7CB} = {E31181A4-AAEB-4A6D-BC79-CDE03FEA26AE}
	EndGlobalSection
EndGlobal
